<?xml version="1.0" encoding="utf-8"?>
<Project ToolsVersion="4.0" xmlns="http://schemas.microsoft.com/developer/msbuild/2003">
  <ItemGroup>
    <Filter Include="Source">
      <UniqueIdentifier>{5e8784f8-0aa2-47a7-bc61-b171faec12b7}</UniqueIdentifier>
    </Filter>
    <Filter Include="Source\Atom">
      <UniqueIdentifier>{28db1964-4db4-46de-996a-1e1d719e68f5}</UniqueIdentifier>
    </Filter>
  </ItemGroup>
  <ItemGroup>
    <ClCompile Include="..\..\Source\test.cpp">
      <Filter>Source</Filter>
    </ClCompile>
  </ItemGroup>
  <ItemGroup>
    <ClInclude Include="..\..\Source\Atom\defines.h">
      <Filter>Source\Atom</Filter>
    </ClInclude>
    <ClInclude Include="..\..\Source\Atom\typedef.h">
      <Filter>Source\Atom</Filter>
    </ClInclude>
  </ItemGroup>
</Project>