<?xml version="1.0" encoding="utf-8"?>
<Project ToolsVersion="4.0" xmlns="http://schemas.microsoft.com/developer/msbuild/2003">
  <ItemGroup>
    <Filter Include="Source">
      <UniqueIdentifier>{5e8784f8-0aa2-47a7-bc61-b171faec12b7}</UniqueIdentifier>
    </Filter>
    <Filter Include="Source\Pot">
      <UniqueIdentifier>{56e2f7db-6e2a-489c-8842-81d983b1b460}</UniqueIdentifier>
    </Filter>
    <Filter Include="Source\Pot\Atom">
      <UniqueIdentifier>{f29de195-2c9d-4b19-83c5-4250b4b1cbf4}</UniqueIdentifier>
    </Filter>
    <Filter Include="Source\Pot\Atom\Standard">
      <UniqueIdentifier>{d44d0e5a-3181-42ab-a8fe-8814e5185b07}</UniqueIdentifier>
    </Filter>
    <Filter Include="Source\Pot\Audio">
      <UniqueIdentifier>{4e87b550-5660-44b3-a041-8151c3aa062a}</UniqueIdentifier>
    </Filter>
    <Filter Include="Source\Pot\File">
      <UniqueIdentifier>{802fdefa-517f-4f10-9fb0-e50009b20309}</UniqueIdentifier>
    </Filter>
    <Filter Include="Source\Pot\Game">
      <UniqueIdentifier>{bedb3c7f-a3a6-4f42-9e03-bf56c677ce25}</UniqueIdentifier>
    </Filter>
    <Filter Include="Source\Pot\Input">
      <UniqueIdentifier>{a862f937-fbef-47f2-ba6d-92a4d3354ee6}</UniqueIdentifier>
    </Filter>
    <Filter Include="Source\Pot\List">
      <UniqueIdentifier>{12782e8d-2abe-4691-8a0d-3503b0228826}</UniqueIdentifier>
    </Filter>
    <Filter Include="Source\Pot\Loader">
      <UniqueIdentifier>{8ae425b6-ef1d-4a5a-8df7-ab85214fbc16}</UniqueIdentifier>
    </Filter>
    <Filter Include="Source\Pot\Out">
      <UniqueIdentifier>{42e37820-3221-4eb9-ac21-afb2a22fa8db}</UniqueIdentifier>
    </Filter>
    <Filter Include="Source\Pot\Thread">
      <UniqueIdentifier>{02a6befa-21d9-422d-8c7f-b6571cbd1537}</UniqueIdentifier>
    </Filter>
    <Filter Include="Source\Pot\Sleep">
      <UniqueIdentifier>{109b7b52-79db-4b8c-8ee7-37d85adb295e}</UniqueIdentifier>
    </Filter>
    <Filter Include="Source\Pot\Rand">
      <UniqueIdentifier>{96be79bd-8448-40ca-8c9c-9e36caa00a29}</UniqueIdentifier>
    </Filter>
    <Filter Include="Source\Pot\Time">
      <UniqueIdentifier>{8aff2b28-dca6-4076-91e6-27ab0d4ca312}</UniqueIdentifier>
    </Filter>
    <Filter Include="Source\Pot\Usefull">
      <UniqueIdentifier>{f693d07f-e146-4a71-80ad-a6a9f47d56ff}</UniqueIdentifier>
    </Filter>
    <Filter Include="Source\Pot\Window">
      <UniqueIdentifier>{91fd7c3a-3f58-457b-879c-7d0db02b79d8}</UniqueIdentifier>
    </Filter>
    <Filter Include="Source\Pot\Windows">
      <UniqueIdentifier>{51cf5365-300f-4257-bb09-6c95dc8e1481}</UniqueIdentifier>
    </Filter>
    <Filter Include="Source\Pot\Audio\XAudio">
      <UniqueIdentifier>{bdcf986f-452c-46c8-8b18-3080c56b6285}</UniqueIdentifier>
    </Filter>
    <Filter Include="Source\Pot\File\Standard">
      <UniqueIdentifier>{13eeb655-606f-415b-a36b-519fc372f5d6}</UniqueIdentifier>
    </Filter>
    <Filter Include="Source\Pot\Input\Windows">
      <UniqueIdentifier>{9f85e1fe-5da4-47d3-bc6d-fb2ab845abd0}</UniqueIdentifier>
    </Filter>
    <Filter Include="Source\Pot\Input\XInput">
      <UniqueIdentifier>{9ecff2df-7513-47ad-80d7-2cf1994963f8}</UniqueIdentifier>
    </Filter>
    <Filter Include="Source\Pot\List\Standard">
      <UniqueIdentifier>{12617156-ebb0-4375-8f84-b1ccd95d0749}</UniqueIdentifier>
    </Filter>
    <Filter Include="Source\Pot\Out\Windows">
      <UniqueIdentifier>{5f933cab-7e71-49eb-9a53-3c815634d7fa}</UniqueIdentifier>
    </Filter>
    <Filter Include="Source\Pot\Out\Standard">
      <UniqueIdentifier>{2779051c-7bb3-42f8-b57f-9a147ee58a97}</UniqueIdentifier>
    </Filter>
    <Filter Include="Source\Pot\Rand\Standard">
      <UniqueIdentifier>{05810506-09e6-4775-87f8-a42e08685a2d}</UniqueIdentifier>
    </Filter>
    <Filter Include="Source\Pot\Sleep\Windows">
      <UniqueIdentifier>{6bd28a34-2e64-4406-86f0-fb891b1df15d}</UniqueIdentifier>
    </Filter>
    <Filter Include="Source\Pot\Thread\Android">
      <UniqueIdentifier>{c477f09c-afac-4d98-be8c-904f9b3cdbc6}</UniqueIdentifier>
    </Filter>
    <Filter Include="Source\Pot\Thread\Standard">
      <UniqueIdentifier>{d665251d-7911-4941-8acd-5286681c7e28}</UniqueIdentifier>
    </Filter>
    <Filter Include="Source\Pot\Time\Android">
      <UniqueIdentifier>{6786e9dd-7e60-4538-9c6f-b39f2f6ea12f}</UniqueIdentifier>
    </Filter>
    <Filter Include="Source\Pot\Time\Windows">
      <UniqueIdentifier>{511a3199-cc8b-4866-bf06-147651c263d3}</UniqueIdentifier>
    </Filter>
    <Filter Include="Source\Pot\Time\Standard">
      <UniqueIdentifier>{be5cc4ed-acbb-484f-9d39-f4af124a1d0b}</UniqueIdentifier>
    </Filter>
    <Filter Include="Source\Pot\Window\Windows">
      <UniqueIdentifier>{731b5f3b-6cbe-4565-8a59-51a93be8ccb7}</UniqueIdentifier>
    </Filter>
    <Filter Include="Source\Pot\Windows\Resource">
      <UniqueIdentifier>{f3d2b75b-327a-426a-8d12-7e72c88a3819}</UniqueIdentifier>
    </Filter>
    <Filter Include="Source\Cycle">
      <UniqueIdentifier>{0d616b9c-88e7-4bdc-9dc7-ea37fd4e20d8}</UniqueIdentifier>
    </Filter>
    <Filter Include="Source\Pot\Fps">
      <UniqueIdentifier>{000ba5c4-1a7f-4b31-ab15-9c027754ffbe}</UniqueIdentifier>
    </Filter>
    <Filter Include="Source\Pot\Config">
      <UniqueIdentifier>{17f0d7ff-44af-4519-b2da-3c0f652f08a5}</UniqueIdentifier>
    </Filter>
    <Filter Include="Source\Pot\Config\Windows">
      <UniqueIdentifier>{ba2540e4-1621-4cf6-ac06-e228dacac5c3}</UniqueIdentifier>
    </Filter>
    <Filter Include="Source\Pot\Animation">
      <UniqueIdentifier>{0a35a8bc-0478-4c72-a4aa-618e573c33fd}</UniqueIdentifier>
    </Filter>
    <Filter Include="Source\Pot\Render">
      <UniqueIdentifier>{31e32a96-d2dc-4c5a-9535-6fd512542ebf}</UniqueIdentifier>
    </Filter>
    <Filter Include="Source\Pot\Render\DirectX11">
      <UniqueIdentifier>{d683fc4c-83ae-471d-a0e3-66fc0cda1027}</UniqueIdentifier>
    </Filter>
    <Filter Include="Source\Pot\Render\DirectX11\Platform">
      <UniqueIdentifier>{5cde1e07-e491-49f7-a6a3-b610ac11c108}</UniqueIdentifier>
    </Filter>
    <Filter Include="Source\Pot\Audio\XAudio\Platform">
      <UniqueIdentifier>{4f7c1bf9-c503-41ef-98a2-e45109d55d2e}</UniqueIdentifier>
    </Filter>
    <Filter Include="Source\Pot\ModelLoader">
      <UniqueIdentifier>{7ec22a70-02bd-4602-a735-a53b523d10e4}</UniqueIdentifier>
    </Filter>
  </ItemGroup>
  <ItemGroup>
    <ClInclude Include="..\..\Source\Pot\Atom\defines.h">
      <Filter>Source\Pot\Atom</Filter>
    </ClInclude>
    <ClInclude Include="..\..\Source\Pot\Atom\function.h">
      <Filter>Source\Pot\Atom</Filter>
    </ClInclude>
    <ClInclude Include="..\..\Source\Pot\Atom\hash.h">
      <Filter>Source\Pot\Atom</Filter>
    </ClInclude>
    <ClInclude Include="..\..\Source\Pot\Atom\hashString.h">
      <Filter>Source\Pot\Atom</Filter>
    </ClInclude>
    <ClInclude Include="..\..\Source\Pot\Atom\math.h">
      <Filter>Source\Pot\Atom</Filter>
    </ClInclude>
    <ClInclude Include="..\..\Source\Pot\Atom\matrix4x4.h">
      <Filter>Source\Pot\Atom</Filter>
    </ClInclude>
    <ClInclude Include="..\..\Source\Pot\Atom\quaternion.h">
      <Filter>Source\Pot\Atom</Filter>
    </ClInclude>
    <ClInclude Include="..\..\Source\Pot\Atom\string.h">
      <Filter>Source\Pot\Atom</Filter>
    </ClInclude>
    <ClInclude Include="..\..\Source\Pot\Atom\transform.h">
      <Filter>Source\Pot\Atom</Filter>
    </ClInclude>
    <ClInclude Include="..\..\Source\Pot\Atom\typedef.h">
      <Filter>Source\Pot\Atom</Filter>
    </ClInclude>
    <ClInclude Include="..\..\Source\Pot\Atom\vector.h">
      <Filter>Source\Pot\Atom</Filter>
    </ClInclude>
    <ClInclude Include="..\..\Source\Pot\Atom\atom.h">
      <Filter>Source\Pot\Atom</Filter>
    </ClInclude>
    <ClInclude Include="..\..\Source\Pot\Atom\bitflag.h">
      <Filter>Source\Pot\Atom</Filter>
    </ClInclude>
    <ClInclude Include="..\..\Source\Pot\Atom\color.h">
      <Filter>Source\Pot\Atom</Filter>
    </ClInclude>
    <ClInclude Include="..\..\Source\Pot\Atom\Standard\mathStandard.h">
      <Filter>Source\Pot\Atom\Standard</Filter>
    </ClInclude>
    <ClInclude Include="..\..\Source\Pot\Atom\Standard\toStringStandard.h">
      <Filter>Source\Pot\Atom\Standard</Filter>
    </ClInclude>
    <ClInclude Include="..\..\Source\Pot\Audio\audioClip.h">
      <Filter>Source\Pot\Audio</Filter>
    </ClInclude>
    <ClInclude Include="..\..\Source\Pot\Audio\audioVoice.h">
      <Filter>Source\Pot\Audio</Filter>
    </ClInclude>
    <ClInclude Include="..\..\Source\Pot\Audio\audio.h">
      <Filter>Source\Pot\Audio</Filter>
    </ClInclude>
    <ClInclude Include="..\..\Source\Pot\Audio\XAudio\audioVoiceXAudio.h">
      <Filter>Source\Pot\Audio\XAudio</Filter>
    </ClInclude>
    <ClInclude Include="..\..\Source\Pot\Audio\XAudio\audioClipXAudio.h">
      <Filter>Source\Pot\Audio\XAudio</Filter>
    </ClInclude>
    <ClInclude Include="..\..\Source\Pot\File\file.h">
      <Filter>Source\Pot\File</Filter>
    </ClInclude>
    <ClInclude Include="..\..\Source\Pot\File\Standard\fileStandard.h">
      <Filter>Source\Pot\File\Standard</Filter>
    </ClInclude>
    <ClInclude Include="..\..\Source\Pot\Game\game.h">
      <Filter>Source\Pot\Game</Filter>
    </ClInclude>
    <ClInclude Include="..\..\Source\Pot\Input\input.h">
      <Filter>Source\Pot\Input</Filter>
    </ClInclude>
    <ClInclude Include="..\..\Source\Pot\Input\XInput\inputXInput.h">
      <Filter>Source\Pot\Input\XInput</Filter>
    </ClInclude>
    <ClInclude Include="..\..\Source\Pot\Input\Windows\inputWindows.h">
      <Filter>Source\Pot\Input\Windows</Filter>
    </ClInclude>
    <ClInclude Include="..\..\Source\Pot\List\Standard\vectorStandard.h">
      <Filter>Source\Pot\List\Standard</Filter>
    </ClInclude>
    <ClInclude Include="..\..\Source\Pot\List\Standard\hashTableStandard.h">
      <Filter>Source\Pot\List\Standard</Filter>
    </ClInclude>
    <ClInclude Include="..\..\Source\Pot\List\vector.h">
      <Filter>Source\Pot\List</Filter>
    </ClInclude>
    <ClInclude Include="..\..\Source\Pot\List\hashTable.h">
      <Filter>Source\Pot\List</Filter>
    </ClInclude>
    <ClInclude Include="..\..\Source\Pot\Loader\loader.h">
      <Filter>Source\Pot\Loader</Filter>
    </ClInclude>
    <ClInclude Include="..\..\Source\Pot\Out\out.h">
      <Filter>Source\Pot\Out</Filter>
    </ClInclude>
    <ClInclude Include="..\..\Source\Pot\Out\Windows\outConsoleWindows.h">
      <Filter>Source\Pot\Out\Windows</Filter>
    </ClInclude>
    <ClInclude Include="..\..\Source\Pot\Out\Windows\outDebugWindowWindows.h">
      <Filter>Source\Pot\Out\Windows</Filter>
    </ClInclude>
    <ClInclude Include="..\..\Source\Pot\Rand\rand.h">
      <Filter>Source\Pot\Rand</Filter>
    </ClInclude>
    <ClInclude Include="..\..\Source\Pot\Rand\Standard\randStandard.h">
      <Filter>Source\Pot\Rand\Standard</Filter>
    </ClInclude>
    <ClInclude Include="..\..\Source\Pot\Sleep\sleep.h">
      <Filter>Source\Pot\Sleep</Filter>
    </ClInclude>
    <ClInclude Include="..\..\Source\Pot\Sleep\Windows\sleepWindows.h">
      <Filter>Source\Pot\Sleep\Windows</Filter>
    </ClInclude>
    <ClInclude Include="..\..\Source\Pot\Thread\mutex.h">
      <Filter>Source\Pot\Thread</Filter>
    </ClInclude>
    <ClInclude Include="..\..\Source\Pot\Thread\mutexLocker.h">
      <Filter>Source\Pot\Thread</Filter>
    </ClInclude>
    <ClInclude Include="..\..\Source\Pot\Thread\thread.h">
      <Filter>Source\Pot\Thread</Filter>
    </ClInclude>
    <ClInclude Include="..\..\Source\Pot\Thread\Android\mutexAndroid.h">
      <Filter>Source\Pot\Thread\Android</Filter>
    </ClInclude>
    <ClInclude Include="..\..\Source\Pot\Thread\Android\threadAndroid.h">
      <Filter>Source\Pot\Thread\Android</Filter>
    </ClInclude>
    <ClInclude Include="..\..\Source\Pot\Thread\Standard\mutexStandard.h">
      <Filter>Source\Pot\Thread\Standard</Filter>
    </ClInclude>
    <ClInclude Include="..\..\Source\Pot\Thread\Standard\threadStandard.h">
      <Filter>Source\Pot\Thread\Standard</Filter>
    </ClInclude>
    <ClInclude Include="..\..\Source\Pot\Time\time.h">
      <Filter>Source\Pot\Time</Filter>
    </ClInclude>
    <ClInclude Include="..\..\Source\Pot\Time\Windows\timeWindows.h">
      <Filter>Source\Pot\Time\Windows</Filter>
    </ClInclude>
    <ClInclude Include="..\..\Source\Pot\Time\Standard\timeStandard.h">
      <Filter>Source\Pot\Time\Standard</Filter>
    </ClInclude>
    <ClInclude Include="..\..\Source\Pot\Time\Android\timeAndroid.h">
      <Filter>Source\Pot\Time\Android</Filter>
    </ClInclude>
    <ClInclude Include="..\..\Source\Pot\Window\Windows\windowWindows.h">
      <Filter>Source\Pot\Window\Windows</Filter>
    </ClInclude>
    <ClInclude Include="..\..\Source\Pot\Window\Windows\cursorWindows.h">
      <Filter>Source\Pot\Window\Windows</Filter>
    </ClInclude>
    <ClInclude Include="..\..\Source\Pot\Usefull\buffer.h">
      <Filter>Source\Pot\Usefull</Filter>
    </ClInclude>
    <ClInclude Include="..\..\Source\Pot\Usefull\singleton.h">
      <Filter>Source\Pot\Usefull</Filter>
    </ClInclude>
    <ClInclude Include="..\..\Source\Pot\Windows\gameMain.h">
      <Filter>Source\Pot\Windows</Filter>
    </ClInclude>
    <ClInclude Include="..\..\Source\Pot\Windows\test.h">
      <Filter>Source\Pot\Windows</Filter>
    </ClInclude>
    <ClInclude Include="..\..\Source\Pot\Windows\Resource\resource.h">
      <Filter>Source\Pot\Windows\Resource</Filter>
    </ClInclude>
    <ClInclude Include="..\..\Source\Cycle\myGame.h">
      <Filter>Source\Cycle</Filter>
    </ClInclude>
    <ClInclude Include="..\..\Source\Pot\Fps\fps.h">
      <Filter>Source\Pot\Fps</Filter>
    </ClInclude>
    <ClInclude Include="..\..\Source\Pot\Config\Windows\configWindows.h">
      <Filter>Source\Pot\Config\Windows</Filter>
    </ClInclude>
    <ClInclude Include="..\..\Source\Pot\Config\config.h">
      <Filter>Source\Pot\Config</Filter>
    </ClInclude>
    <ClInclude Include="..\..\Source\Pot\Game\component.h">
      <Filter>Source\Pot\Game</Filter>
    </ClInclude>
    <ClInclude Include="..\..\Source\Pot\Game\unique.h">
      <Filter>Source\Pot\Game</Filter>
    </ClInclude>
    <ClInclude Include="..\..\Source\Pot\Game\gameObject.h">
      <Filter>Source\Pot\Game</Filter>
    </ClInclude>
    <ClInclude Include="..\..\Source\Pot\Animation\animation.h">
      <Filter>Source\Pot\Animation</Filter>
    </ClInclude>
    <ClInclude Include="..\..\Source\Pot\Audio\XAudio\Platform\deviceXAudioPlatform.h">
      <Filter>Source\Pot\Audio\XAudio\Platform</Filter>
    </ClInclude>
    <ClInclude Include="..\..\Source\Pot\Audio\XAudio\Platform\voiceXAudioPlatform.h">
      <Filter>Source\Pot\Audio\XAudio\Platform</Filter>
    </ClInclude>
    <ClInclude Include="..\..\Source\Pot\Audio\XAudio\Platform\clipXAudioPlatform.h">
      <Filter>Source\Pot\Audio\XAudio\Platform</Filter>
    </ClInclude>
    <ClInclude Include="..\..\Source\Pot\Render\DirectX11\Platform\deviceDirectX11Platform.h">
      <Filter>Source\Pot\Render\DirectX11\Platform</Filter>
    </ClInclude>
    <ClInclude Include="..\..\Source\Pot\Render\DirectX11\Platform\bufferDirectX11Platform.h">
      <Filter>Source\Pot\Render\DirectX11\Platform</Filter>
    </ClInclude>
    <ClInclude Include="..\..\Source\Pot\Render\DirectX11\Platform\constantBufferDirectX11Platform.h">
      <Filter>Source\Pot\Render\DirectX11\Platform</Filter>
    </ClInclude>
    <ClInclude Include="..\..\Source\Pot\Render\DirectX11\Platform\vertexBufferDirectX11Platform.h">
      <Filter>Source\Pot\Render\DirectX11\Platform</Filter>
    </ClInclude>
    <ClInclude Include="..\..\Source\Pot\Render\DirectX11\Platform\indexBufferDirectX11Platform.h">
      <Filter>Source\Pot\Render\DirectX11\Platform</Filter>
    </ClInclude>
    <ClInclude Include="..\..\Source\Pot\Render\DirectX11\Platform\stateDirectX11Platform.h">
      <Filter>Source\Pot\Render\DirectX11\Platform</Filter>
    </ClInclude>
    <ClInclude Include="..\..\Source\Pot\Render\DirectX11\Platform\blendStateDirectX11Platform.h">
      <Filter>Source\Pot\Render\DirectX11\Platform</Filter>
    </ClInclude>
    <ClInclude Include="..\..\Source\Pot\Render\DirectX11\Platform\depthStencilStateDirectX11Platform.h">
      <Filter>Source\Pot\Render\DirectX11\Platform</Filter>
    </ClInclude>
    <ClInclude Include="..\..\Source\Pot\Render\DirectX11\Platform\rasterizerStateDirectX11Platform.h">
      <Filter>Source\Pot\Render\DirectX11\Platform</Filter>
    </ClInclude>
    <ClInclude Include="..\..\Source\Pot\Render\DirectX11\Platform\samplerStateDirectX11Platform.h">
      <Filter>Source\Pot\Render\DirectX11\Platform</Filter>
    </ClInclude>
    <ClInclude Include="..\..\Source\Pot\Render\DirectX11\Platform\usefullDirectX11Platform.h">
      <Filter>Source\Pot\Render\DirectX11\Platform</Filter>
    </ClInclude>
    <ClInclude Include="..\..\Source\Pot\Render\DirectX11\Platform\textureDirectX11Platform.h">
      <Filter>Source\Pot\Render\DirectX11\Platform</Filter>
    </ClInclude>
    <ClInclude Include="..\..\Source\Pot\Render\DirectX11\Platform\depthStencilViewDirectX11Platform.h">
      <Filter>Source\Pot\Render\DirectX11\Platform</Filter>
    </ClInclude>
    <ClInclude Include="..\..\Source\Pot\Render\DirectX11\Platform\renderTargetViewDirectX11Platform.h">
      <Filter>Source\Pot\Render\DirectX11\Platform</Filter>
    </ClInclude>
    <ClInclude Include="..\..\Source\Pot\Render\DirectX11\Platform\shaderResourceViewDirectX11Platform.h">
      <Filter>Source\Pot\Render\DirectX11\Platform</Filter>
    </ClInclude>
    <ClInclude Include="..\..\Source\Pot\Render\DirectX11\Platform\viewDirectX11Platform.h">
      <Filter>Source\Pot\Render\DirectX11\Platform</Filter>
    </ClInclude>
    <ClInclude Include="..\..\Source\Pot\Render\DirectX11\Platform\shaderDirectX11Platform.h">
      <Filter>Source\Pot\Render\DirectX11\Platform</Filter>
    </ClInclude>
    <ClInclude Include="..\..\Source\Pot\Usefull\resourceList.h">
      <Filter>Source\Pot\Usefull</Filter>
    </ClInclude>
    <ClInclude Include="..\..\Source\Pot\Usefull\resourceLoadList.h">
      <Filter>Source\Pot\Usefull</Filter>
    </ClInclude>
    <ClInclude Include="..\..\Source\Pot\Usefull\namedResource.h">
      <Filter>Source\Pot\Usefull</Filter>
    </ClInclude>
    <ClInclude Include="..\..\Source\Pot\Render\texture2D.h">
      <Filter>Source\Pot\Render</Filter>
    </ClInclude>
    <ClInclude Include="..\..\Source\Pot\Render\texture3D.h">
      <Filter>Source\Pot\Render</Filter>
    </ClInclude>
    <ClInclude Include="..\..\Source\Pot\Render\texture1D.h">
      <Filter>Source\Pot\Render</Filter>
    </ClInclude>
    <ClInclude Include="..\..\Source\Pot\Render\DirectX11\texture2DDirectX11.h">
      <Filter>Source\Pot\Render\DirectX11</Filter>
    </ClInclude>
    <ClInclude Include="..\..\Source\Pot\Render\DirectX11\texture3DDirectX11.h">
      <Filter>Source\Pot\Render\DirectX11</Filter>
    </ClInclude>
    <ClInclude Include="..\..\Source\Pot\Render\DirectX11\texture1DDirectX11.h">
      <Filter>Source\Pot\Render\DirectX11</Filter>
    </ClInclude>
    <ClInclude Include="..\..\Source\Pot\Render\DirectX11\Platform\elementManagerDirectX11Platform.h">
      <Filter>Source\Pot\Render\DirectX11\Platform</Filter>
    </ClInclude>
    <ClInclude Include="..\..\Source\Pot\Render\DirectX11\Platform\renderDirectX11Platform.h">
      <Filter>Source\Pot\Render\DirectX11\Platform</Filter>
    </ClInclude>
    <ClInclude Include="..\..\Source\Pot\Render\DirectX11\Platform\shaderManagerDirectX11Platform.h">
      <Filter>Source\Pot\Render\DirectX11\Platform</Filter>
    </ClInclude>
    <ClInclude Include="..\..\Source\Pot\Usefull\resourceUpdaterList.h">
      <Filter>Source\Pot\Usefull</Filter>
    </ClInclude>
    <ClInclude Include="..\..\Source\Pot\Usefull\path.h">
      <Filter>Source\Pot\Usefull</Filter>
    </ClInclude>
    <ClInclude Include="..\..\Source\Pot\Render\DirectX11\Platform\unorderedAccessViewDirectX11Platform.h">
      <Filter>Source\Pot\Render\DirectX11\Platform</Filter>
    </ClInclude>
    <ClInclude Include="..\..\Source\Pot\Render\DirectX11\Platform\textureAllDirectX11Platform.h">
      <Filter>Source\Pot\Render\DirectX11\Platform</Filter>
    </ClInclude>
  </ItemGroup>
  <ItemGroup>
    <ClCompile Include="..\..\Source\Pot\Input\XInput\inputXInput.cpp">
      <Filter>Source\Pot\Input\XInput</Filter>
    </ClCompile>
    <ClCompile Include="..\..\Source\Pot\Input\Windows\inputWindows.cpp">
      <Filter>Source\Pot\Input\Windows</Filter>
    </ClCompile>
    <ClCompile Include="..\..\Source\Pot\Out\Windows\outDebugWindowWindows.cpp">
      <Filter>Source\Pot\Out\Windows</Filter>
    </ClCompile>
    <ClCompile Include="..\..\Source\Pot\Out\Windows\outConsoleWindows.cpp">
      <Filter>Source\Pot\Out\Windows</Filter>
    </ClCompile>
    <ClCompile Include="..\..\Source\Pot\Rand\rand.cpp">
      <Filter>Source\Pot\Rand</Filter>
    </ClCompile>
    <ClCompile Include="..\..\Source\Pot\Rand\Standard\randStandard.cpp">
      <Filter>Source\Pot\Rand\Standard</Filter>
    </ClCompile>
    <ClCompile Include="..\..\Source\Pot\Sleep\Windows\sleepWindows.cpp">
      <Filter>Source\Pot\Sleep\Windows</Filter>
    </ClCompile>
    <ClCompile Include="..\..\Source\Pot\Time\time.cpp">
      <Filter>Source\Pot\Time</Filter>
    </ClCompile>
    <ClCompile Include="..\..\Source\Pot\Time\Windows\timeWindows.cpp">
      <Filter>Source\Pot\Time\Windows</Filter>
    </ClCompile>
    <ClCompile Include="..\..\Source\Pot\Time\Standard\timeStandard.cpp">
      <Filter>Source\Pot\Time\Standard</Filter>
    </ClCompile>
    <ClCompile Include="..\..\Source\Pot\Window\Windows\windowWindows.cpp">
      <Filter>Source\Pot\Window\Windows</Filter>
    </ClCompile>
    <ClCompile Include="..\..\Source\Pot\Windows\main.cpp">
      <Filter>Source\Pot\Windows</Filter>
    </ClCompile>
    <ClCompile Include="..\..\Source\Pot\Windows\test.cpp">
      <Filter>Source\Pot\Windows</Filter>
    </ClCompile>
    <ClCompile Include="..\..\Source\Pot\Windows\gameMain.cpp">
      <Filter>Source\Pot\Windows</Filter>
    </ClCompile>
    <ClCompile Include="..\..\Source\Cycle\myGame.cpp">
      <Filter>Source\Cycle</Filter>
    </ClCompile>
    <ClCompile Include="..\..\Source\Pot\Fps\fps.cpp">
      <Filter>Source\Pot\Fps</Filter>
    </ClCompile>
    <ClCompile Include="..\..\Source\Pot\Config\Windows\configWindows.cpp">
      <Filter>Source\Pot\Config\Windows</Filter>
    </ClCompile>
    <ClCompile Include="..\..\Source\Pot\Game\component.cpp">
      <Filter>Source\Pot\Game</Filter>
    </ClCompile>
    <ClCompile Include="..\..\Source\Pot\Audio\XAudio\Platform\voiceXAudioPlatform.cpp">
      <Filter>Source\Pot\Audio\XAudio\Platform</Filter>
    </ClCompile>
    <ClCompile Include="..\..\Source\Pot\Audio\XAudio\Platform\clipXAudioPlatform.cpp">
      <Filter>Source\Pot\Audio\XAudio\Platform</Filter>
    </ClCompile>
    <ClCompile Include="..\..\Source\Pot\Audio\XAudio\Platform\deviceXAudioPlatform.cpp">
      <Filter>Source\Pot\Audio\XAudio\Platform</Filter>
    </ClCompile>
    <ClCompile Include="..\..\Source\Pot\Render\DirectX11\Platform\deviceDirectX11Platform.cpp">
      <Filter>Source\Pot\Render\DirectX11\Platform</Filter>
    </ClCompile>
    <ClCompile Include="..\..\Source\Pot\Render\DirectX11\Platform\usefullDirectX11Platform.cpp">
      <Filter>Source\Pot\Render\DirectX11\Platform</Filter>
    </ClCompile>
  </ItemGroup>
  <ItemGroup>
    <ResourceCompile Include="..\..\Source\Pot\Windows\Resource\Icon.rc">
      <Filter>Source\Pot\Windows\Resource</Filter>
    </ResourceCompile>
  </ItemGroup>
  <ItemGroup>
    <Image Include="..\..\Source\Pot\Windows\Resource\icon.ico">
      <Filter>Source\Pot\Windows\Resource</Filter>
    </Image>
  </ItemGroup>
</Project>