<?xml version="1.0" encoding="utf-8"?>
<Project ToolsVersion="4.0" xmlns="http://schemas.microsoft.com/developer/msbuild/2003">
  <ItemGroup>
    <Filter Include="Source">
      <UniqueIdentifier>{5e8784f8-0aa2-47a7-bc61-b171faec12b7}</UniqueIdentifier>
    </Filter>
    <Filter Include="Source\Atom">
      <UniqueIdentifier>{28db1964-4db4-46de-996a-1e1d719e68f5}</UniqueIdentifier>
    </Filter>
    <Filter Include="Source\Atom\Standard">
      <UniqueIdentifier>{b90ce3f5-1a3d-4f53-b922-bfbad266a28d}</UniqueIdentifier>
    </Filter>
    <Filter Include="Source\Usefull">
      <UniqueIdentifier>{4aba450b-a743-424d-b368-ab9d824475cf}</UniqueIdentifier>
    </Filter>
    <Filter Include="Source\Window">
      <UniqueIdentifier>{a079b5da-19aa-420e-bce7-e0d552e1db6b}</UniqueIdentifier>
    </Filter>
    <Filter Include="Source\Window\Windows">
      <UniqueIdentifier>{dfa6d590-b5c0-4cd2-8b84-e15656d62300}</UniqueIdentifier>
    </Filter>
    <Filter Include="Source\Rand">
      <UniqueIdentifier>{c7f189a8-586a-4cc9-815d-973aadf1b97c}</UniqueIdentifier>
    </Filter>
    <Filter Include="Source\Rand\Standard">
      <UniqueIdentifier>{419ee489-5b98-4e12-8529-c71656087799}</UniqueIdentifier>
    </Filter>
    <Filter Include="Source\Sleep">
      <UniqueIdentifier>{e25eea21-1b70-4a4f-8522-3cd1bd93fbe9}</UniqueIdentifier>
    </Filter>
    <Filter Include="Source\Sleep\Windows">
      <UniqueIdentifier>{509a026c-d2dd-4320-aba1-217cbf05f880}</UniqueIdentifier>
    </Filter>
    <Filter Include="Source\Output">
      <UniqueIdentifier>{9256fe66-a836-41f6-94be-1141857c31bc}</UniqueIdentifier>
    </Filter>
    <Filter Include="Source\Output\Windows">
      <UniqueIdentifier>{15f53439-d7a4-4c01-b5bf-89fc624388c2}</UniqueIdentifier>
    </Filter>
  </ItemGroup>
  <ItemGroup>
    <ClInclude Include="..\..\Source\Atom\defines.h">
      <Filter>Source\Atom</Filter>
    </ClInclude>
    <ClInclude Include="..\..\Source\Atom\typedef.h">
      <Filter>Source\Atom</Filter>
    </ClInclude>
    <ClInclude Include="..\..\Source\Atom\function.h">
      <Filter>Source\Atom</Filter>
    </ClInclude>
    <ClInclude Include="..\..\Source\Atom\string.h">
      <Filter>Source\Atom</Filter>
    </ClInclude>
    <ClInclude Include="..\..\Source\Atom\hash.h">
      <Filter>Source\Atom</Filter>
    </ClInclude>
    <ClInclude Include="..\..\Source\Atom\hashString.h">
      <Filter>Source\Atom</Filter>
    </ClInclude>
    <ClInclude Include="..\..\Source\Atom\atom.h">
      <Filter>Source\Atom</Filter>
    </ClInclude>
    <ClInclude Include="..\..\Source\Atom\math.h">
      <Filter>Source\Atom</Filter>
    </ClInclude>
    <ClInclude Include="..\..\Source\Atom\Standard\math.h">
      <Filter>Source\Atom\Standard</Filter>
    </ClInclude>
    <ClInclude Include="..\..\Source\Atom\vector.h">
      <Filter>Source\Atom</Filter>
    </ClInclude>
    <ClInclude Include="..\..\Source\Atom\quaternion.h">
      <Filter>Source\Atom</Filter>
    </ClInclude>
    <ClInclude Include="..\..\Source\Atom\matrix4x4.h">
      <Filter>Source\Atom</Filter>
    </ClInclude>
    <ClInclude Include="..\..\Source\Atom\bitflag.h">
      <Filter>Source\Atom</Filter>
    </ClInclude>
    <ClInclude Include="..\..\Source\Atom\color.h">
      <Filter>Source\Atom</Filter>
    </ClInclude>
    <ClInclude Include="..\..\Source\Atom\transform.h">
      <Filter>Source\Atom</Filter>
    </ClInclude>
    <ClInclude Include="..\..\Source\Usefull\singleton.h">
      <Filter>Source\Usefull</Filter>
    </ClInclude>
    <ClInclude Include="..\..\Source\Usefull\buffer.h">
      <Filter>Source\Usefull</Filter>
    </ClInclude>
    <ClInclude Include="..\..\Source\Window\Windows\window.h">
      <Filter>Source\Window\Windows</Filter>
    </ClInclude>
    <ClInclude Include="..\..\Source\Window\Windows\cursor.h">
      <Filter>Source\Window\Windows</Filter>
    </ClInclude>
    <ClInclude Include="..\..\Source\Rand\rand.h">
      <Filter>Source\Rand</Filter>
    </ClInclude>
    <ClInclude Include="..\..\Source\Rand\Standard\rand.h">
      <Filter>Source\Rand\Standard</Filter>
    </ClInclude>
    <ClInclude Include="..\..\Source\Sleep\sleep.h">
      <Filter>Source\Sleep</Filter>
    </ClInclude>
    <ClInclude Include="..\..\Source\Sleep\Windows\sleep.h">
      <Filter>Source\Sleep\Windows</Filter>
    </ClInclude>
    <ClInclude Include="..\..\Source\Output\output.h">
      <Filter>Source\Output</Filter>
    </ClInclude>
    <ClInclude Include="..\..\Source\Output\Windows\outputDebugWindow.h">
      <Filter>Source\Output\Windows</Filter>
    </ClInclude>
    <ClInclude Include="..\..\Source\Output\Windows\outputConsole.h">
      <Filter>Source\Output\Windows</Filter>
    </ClInclude>
  </ItemGroup>
  <ItemGroup>
    <ClCompile Include="..\..\Source\main.cpp">
      <Filter>Source</Filter>
    </ClCompile>
    <ClCompile Include="..\..\Source\test.cpp">
      <Filter>Source</Filter>
    </ClCompile>
    <ClCompile Include="..\..\Source\Window\Windows\windowWindows.cpp">
      <Filter>Source\Window\Windows</Filter>
    </ClCompile>
    <ClCompile Include="..\..\Source\Rand\Standard\randStandard.cpp">
      <Filter>Source\Rand\Standard</Filter>
    </ClCompile>
    <ClCompile Include="..\..\Source\Sleep\Windows\sleepWindows.cpp">
      <Filter>Source\Sleep\Windows</Filter>
    </ClCompile>
    <ClCompile Include="..\..\Source\Atom\Standard\stringStandard.cpp">
      <Filter>Source\Atom\Standard</Filter>
    </ClCompile>
    <ClCompile Include="..\..\Source\Output\Windows\outputDebugWindowWindows.cpp">
      <Filter>Source\Output\Windows</Filter>
    </ClCompile>
    <ClCompile Include="..\..\Source\Output\Windows\outputConsoleWindows.cpp">
      <Filter>Source\Output\Windows</Filter>
    </ClCompile>
  </ItemGroup>
</Project>
