
Microsoft Visual Studio Solution File, Format Version 12.00
# Visual Studio 15
VisualStudioVersion = 15.0.27004.2006
MinimumVisualStudioVersion = 10.0.40219.1
Project("{8BC9CEB8-8B4A-11D0-8D11-00A0C91BC942}") = "DirectX11", "DirectX11\DirectX11.vcxproj", "{D1C3F8E3-97E0-430F-90E9-A3713999A133}"
EndProject
Project("{2150E333-8FDC-42A3-9474-1A3956D46DE8}") = "Android", "Android", "{A330111F-7577-4610-B594-1AA675381B0B}"
EndProject
Project("{39E2626F-3545-4960-A6E8-258AD8476CE5}") = "Android.Packaging", "Android\Android.Packaging\Android.Packaging.androidproj", "{193467EB-9A35-4E75-8A48-0DA1704CF90F}"
EndProject
Project("{8BC9CEB8-8B4A-11D0-8D11-00A0C91BC942}") = "Android.NativeActivity", "Android\Android.NativeActivity\Android.NativeActivity.vcxproj", "{0B89D5A7-1F1F-4BCA-94FE-31901992C73C}"
EndProject
Project("{8BC9CEB8-8B4A-11D0-8D11-00A0C91BC942}") = "OpenGL", "OpenGL\OpenGL.vcxproj", "{360781C6-2705-4AF8-AA1C-53D0D5D13632}"
EndProject
Project("{8BC9CEB8-8B4A-11D0-8D11-00A0C91BC942}") = "ModelConverter", "ModelConverter\ModelConverter.vcxproj", "{CBEBA34F-6CED-4FCF-ABD6-33A6C822BF37}"
EndProject
Global
	GlobalSection(SolutionConfigurationPlatforms) = preSolution
		Debug|ARM = Debug|ARM
		Debug|ARM64 = Debug|ARM64
		Debug|x64 = Debug|x64
		Debug|x86 = Debug|x86
		Master|ARM = Master|ARM
		Master|ARM64 = Master|ARM64
		Master|x64 = Master|x64
		Master|x86 = Master|x86
		Release|ARM = Release|ARM
		Release|ARM64 = Release|ARM64
		Release|x64 = Release|x64
		Release|x86 = Release|x86
	EndGlobalSection
	GlobalSection(ProjectConfigurationPlatforms) = postSolution
		{D1C3F8E3-97E0-430F-90E9-A3713999A133}.Debug|ARM.ActiveCfg = Debug|Win32
		{D1C3F8E3-97E0-430F-90E9-A3713999A133}.Debug|ARM64.ActiveCfg = Debug|Win32
		{D1C3F8E3-97E0-430F-90E9-A3713999A133}.Debug|x64.ActiveCfg = Debug|x64
		{D1C3F8E3-97E0-430F-90E9-A3713999A133}.Debug|x64.Build.0 = Debug|x64
		{D1C3F8E3-97E0-430F-90E9-A3713999A133}.Debug|x86.ActiveCfg = Debug|Win32
		{D1C3F8E3-97E0-430F-90E9-A3713999A133}.Debug|x86.Build.0 = Debug|Win32
		{D1C3F8E3-97E0-430F-90E9-A3713999A133}.Master|ARM.ActiveCfg = Master|Win32
		{D1C3F8E3-97E0-430F-90E9-A3713999A133}.Master|ARM64.ActiveCfg = Master|Win32
		{D1C3F8E3-97E0-430F-90E9-A3713999A133}.Master|x64.ActiveCfg = Master|x64
		{D1C3F8E3-97E0-430F-90E9-A3713999A133}.Master|x64.Build.0 = Master|x64
		{D1C3F8E3-97E0-430F-90E9-A3713999A133}.Master|x86.ActiveCfg = Master|Win32
		{D1C3F8E3-97E0-430F-90E9-A3713999A133}.Master|x86.Build.0 = Master|Win32
		{D1C3F8E3-97E0-430F-90E9-A3713999A133}.Release|ARM.ActiveCfg = Release|Win32
		{D1C3F8E3-97E0-430F-90E9-A3713999A133}.Release|ARM64.ActiveCfg = Release|Win32
		{D1C3F8E3-97E0-430F-90E9-A3713999A133}.Release|x64.ActiveCfg = Release|x64
		{D1C3F8E3-97E0-430F-90E9-A3713999A133}.Release|x64.Build.0 = Release|x64
		{D1C3F8E3-97E0-430F-90E9-A3713999A133}.Release|x86.ActiveCfg = Release|Win32
		{D1C3F8E3-97E0-430F-90E9-A3713999A133}.Release|x86.Build.0 = Release|Win32
		{193467EB-9A35-4E75-8A48-0DA1704CF90F}.Debug|ARM.ActiveCfg = Debug|ARM
		{193467EB-9A35-4E75-8A48-0DA1704CF90F}.Debug|ARM.Build.0 = Debug|ARM
		{193467EB-9A35-4E75-8A48-0DA1704CF90F}.Debug|ARM.Deploy.0 = Debug|ARM
		{193467EB-9A35-4E75-8A48-0DA1704CF90F}.Debug|ARM64.ActiveCfg = Debug|ARM64
		{193467EB-9A35-4E75-8A48-0DA1704CF90F}.Debug|ARM64.Build.0 = Debug|ARM64
		{193467EB-9A35-4E75-8A48-0DA1704CF90F}.Debug|ARM64.Deploy.0 = Debug|ARM64
		{193467EB-9A35-4E75-8A48-0DA1704CF90F}.Debug|x64.ActiveCfg = Debug|x64
		{193467EB-9A35-4E75-8A48-0DA1704CF90F}.Debug|x64.Build.0 = Debug|x64
		{193467EB-9A35-4E75-8A48-0DA1704CF90F}.Debug|x64.Deploy.0 = Debug|x64
		{193467EB-9A35-4E75-8A48-0DA1704CF90F}.Debug|x86.ActiveCfg = Debug|x86
		{193467EB-9A35-4E75-8A48-0DA1704CF90F}.Debug|x86.Build.0 = Debug|x86
		{193467EB-9A35-4E75-8A48-0DA1704CF90F}.Debug|x86.Deploy.0 = Debug|x86
		{193467EB-9A35-4E75-8A48-0DA1704CF90F}.Master|ARM.ActiveCfg = Master|ARM
		{193467EB-9A35-4E75-8A48-0DA1704CF90F}.Master|ARM.Build.0 = Master|ARM
		{193467EB-9A35-4E75-8A48-0DA1704CF90F}.Master|ARM.Deploy.0 = Master|ARM
		{193467EB-9A35-4E75-8A48-0DA1704CF90F}.Master|ARM64.ActiveCfg = Master|ARM64
		{193467EB-9A35-4E75-8A48-0DA1704CF90F}.Master|ARM64.Build.0 = Master|ARM64
		{193467EB-9A35-4E75-8A48-0DA1704CF90F}.Master|ARM64.Deploy.0 = Master|ARM64
		{193467EB-9A35-4E75-8A48-0DA1704CF90F}.Master|x64.ActiveCfg = Master|x64
		{193467EB-9A35-4E75-8A48-0DA1704CF90F}.Master|x64.Build.0 = Master|x64
		{193467EB-9A35-4E75-8A48-0DA1704CF90F}.Master|x64.Deploy.0 = Master|x64
		{193467EB-9A35-4E75-8A48-0DA1704CF90F}.Master|x86.ActiveCfg = Master|x86
		{193467EB-9A35-4E75-8A48-0DA1704CF90F}.Master|x86.Build.0 = Master|x86
		{193467EB-9A35-4E75-8A48-0DA1704CF90F}.Master|x86.Deploy.0 = Master|x86
		{193467EB-9A35-4E75-8A48-0DA1704CF90F}.Release|ARM.ActiveCfg = Release|ARM
		{193467EB-9A35-4E75-8A48-0DA1704CF90F}.Release|ARM.Build.0 = Release|ARM
		{193467EB-9A35-4E75-8A48-0DA1704CF90F}.Release|ARM.Deploy.0 = Release|ARM
		{193467EB-9A35-4E75-8A48-0DA1704CF90F}.Release|ARM64.ActiveCfg = Release|ARM64
		{193467EB-9A35-4E75-8A48-0DA1704CF90F}.Release|ARM64.Build.0 = Release|ARM64
		{193467EB-9A35-4E75-8A48-0DA1704CF90F}.Release|ARM64.Deploy.0 = Release|ARM64
		{193467EB-9A35-4E75-8A48-0DA1704CF90F}.Release|x64.ActiveCfg = Release|x64
		{193467EB-9A35-4E75-8A48-0DA1704CF90F}.Release|x64.Build.0 = Release|x64
		{193467EB-9A35-4E75-8A48-0DA1704CF90F}.Release|x64.Deploy.0 = Release|x64
		{193467EB-9A35-4E75-8A48-0DA1704CF90F}.Release|x86.ActiveCfg = Release|x86
		{193467EB-9A35-4E75-8A48-0DA1704CF90F}.Release|x86.Build.0 = Release|x86
		{193467EB-9A35-4E75-8A48-0DA1704CF90F}.Release|x86.Deploy.0 = Release|x86
		{0B89D5A7-1F1F-4BCA-94FE-31901992C73C}.Debug|ARM.ActiveCfg = Debug|ARM
		{0B89D5A7-1F1F-4BCA-94FE-31901992C73C}.Debug|ARM.Build.0 = Debug|ARM
		{0B89D5A7-1F1F-4BCA-94FE-31901992C73C}.Debug|ARM64.ActiveCfg = Debug|ARM64
		{0B89D5A7-1F1F-4BCA-94FE-31901992C73C}.Debug|ARM64.Build.0 = Debug|ARM64
		{0B89D5A7-1F1F-4BCA-94FE-31901992C73C}.Debug|x64.ActiveCfg = Debug|x64
		{0B89D5A7-1F1F-4BCA-94FE-31901992C73C}.Debug|x64.Build.0 = Debug|x64
		{0B89D5A7-1F1F-4BCA-94FE-31901992C73C}.Debug|x86.ActiveCfg = Debug|x86
		{0B89D5A7-1F1F-4BCA-94FE-31901992C73C}.Debug|x86.Build.0 = Debug|x86
		{0B89D5A7-1F1F-4BCA-94FE-31901992C73C}.Master|ARM.ActiveCfg = Master|ARM
		{0B89D5A7-1F1F-4BCA-94FE-31901992C73C}.Master|ARM.Build.0 = Master|ARM
		{0B89D5A7-1F1F-4BCA-94FE-31901992C73C}.Master|ARM64.ActiveCfg = Master|ARM64
		{0B89D5A7-1F1F-4BCA-94FE-31901992C73C}.Master|ARM64.Build.0 = Master|ARM64
		{0B89D5A7-1F1F-4BCA-94FE-31901992C73C}.Master|x64.ActiveCfg = Master|x64
		{0B89D5A7-1F1F-4BCA-94FE-31901992C73C}.Master|x64.Build.0 = Master|x64
		{0B89D5A7-1F1F-4BCA-94FE-31901992C73C}.Master|x86.ActiveCfg = Master|x86
		{0B89D5A7-1F1F-4BCA-94FE-31901992C73C}.Master|x86.Build.0 = Master|x86
		{0B89D5A7-1F1F-4BCA-94FE-31901992C73C}.Release|ARM.ActiveCfg = Release|ARM
		{0B89D5A7-1F1F-4BCA-94FE-31901992C73C}.Release|ARM.Build.0 = Release|ARM
		{0B89D5A7-1F1F-4BCA-94FE-31901992C73C}.Release|ARM64.ActiveCfg = Release|ARM64
		{0B89D5A7-1F1F-4BCA-94FE-31901992C73C}.Release|ARM64.Build.0 = Release|ARM64
		{0B89D5A7-1F1F-4BCA-94FE-31901992C73C}.Release|x64.ActiveCfg = Release|x64
		{0B89D5A7-1F1F-4BCA-94FE-31901992C73C}.Release|x64.Build.0 = Release|x64
		{0B89D5A7-1F1F-4BCA-94FE-31901992C73C}.Release|x86.ActiveCfg = Release|x86
		{0B89D5A7-1F1F-4BCA-94FE-31901992C73C}.Release|x86.Build.0 = Release|x86
		{360781C6-2705-4AF8-AA1C-53D0D5D13632}.Debug|ARM.ActiveCfg = Debug|Win32
		{360781C6-2705-4AF8-AA1C-53D0D5D13632}.Debug|ARM64.ActiveCfg = Debug|Win32
		{360781C6-2705-4AF8-AA1C-53D0D5D13632}.Debug|x64.ActiveCfg = Debug|x64
		{360781C6-2705-4AF8-AA1C-53D0D5D13632}.Debug|x64.Build.0 = Debug|x64
		{360781C6-2705-4AF8-AA1C-53D0D5D13632}.Debug|x86.ActiveCfg = Debug|Win32
		{360781C6-2705-4AF8-AA1C-53D0D5D13632}.Debug|x86.Build.0 = Debug|Win32
		{360781C6-2705-4AF8-AA1C-53D0D5D13632}.Master|ARM.ActiveCfg = Release|x64
		{360781C6-2705-4AF8-AA1C-53D0D5D13632}.Master|ARM.Build.0 = Release|x64
		{360781C6-2705-4AF8-AA1C-53D0D5D13632}.Master|ARM64.ActiveCfg = Release|x64
		{360781C6-2705-4AF8-AA1C-53D0D5D13632}.Master|ARM64.Build.0 = Release|x64
		{360781C6-2705-4AF8-AA1C-53D0D5D13632}.Master|x64.ActiveCfg = Master|x64
		{360781C6-2705-4AF8-AA1C-53D0D5D13632}.Master|x64.Build.0 = Master|x64
		{360781C6-2705-4AF8-AA1C-53D0D5D13632}.Master|x86.ActiveCfg = Master|Win32
		{360781C6-2705-4AF8-AA1C-53D0D5D13632}.Master|x86.Build.0 = Master|Win32
		{360781C6-2705-4AF8-AA1C-53D0D5D13632}.Release|ARM.ActiveCfg = Release|Win32
		{360781C6-2705-4AF8-AA1C-53D0D5D13632}.Release|ARM64.ActiveCfg = Release|Win32
		{360781C6-2705-4AF8-AA1C-53D0D5D13632}.Release|x64.ActiveCfg = Release|x64
		{360781C6-2705-4AF8-AA1C-53D0D5D13632}.Release|x64.Build.0 = Release|x64
		{360781C6-2705-4AF8-AA1C-53D0D5D13632}.Release|x86.ActiveCfg = Release|Win32
		{360781C6-2705-4AF8-AA1C-53D0D5D13632}.Release|x86.Build.0 = Release|Win32
		{CBEBA34F-6CED-4FCF-ABD6-33A6C822BF37}.Debug|ARM.ActiveCfg = Debug|Win32
		{CBEBA34F-6CED-4FCF-ABD6-33A6C822BF37}.Debug|ARM64.ActiveCfg = Debug|Win32
		{CBEBA34F-6CED-4FCF-ABD6-33A6C822BF37}.Debug|x64.ActiveCfg = Debug|x64
		{CBEBA34F-6CED-4FCF-ABD6-33A6C822BF37}.Debug|x64.Build.0 = Debug|x64
		{CBEBA34F-6CED-4FCF-ABD6-33A6C822BF37}.Debug|x86.ActiveCfg = Debug|Win32
		{CBEBA34F-6CED-4FCF-ABD6-33A6C822BF37}.Debug|x86.Build.0 = Debug|Win32
		{CBEBA34F-6CED-4FCF-ABD6-33A6C822BF37}.Master|ARM.ActiveCfg = Release|x64
		{CBEBA34F-6CED-4FCF-ABD6-33A6C822BF37}.Master|ARM.Build.0 = Release|x64
		{CBEBA34F-6CED-4FCF-ABD6-33A6C822BF37}.Master|ARM64.ActiveCfg = Release|x64
		{CBEBA34F-6CED-4FCF-ABD6-33A6C822BF37}.Master|ARM64.Build.0 = Release|x64
		{CBEBA34F-6CED-4FCF-ABD6-33A6C822BF37}.Master|x64.ActiveCfg = Release|x64
		{CBEBA34F-6CED-4FCF-ABD6-33A6C822BF37}.Master|x64.Build.0 = Release|x64
		{CBEBA34F-6CED-4FCF-ABD6-33A6C822BF37}.Master|x86.ActiveCfg = Release|Win32
		{CBEBA34F-6CED-4FCF-ABD6-33A6C822BF37}.Master|x86.Build.0 = Release|Win32
		{CBEBA34F-6CED-4FCF-ABD6-33A6C822BF37}.Release|ARM.ActiveCfg = Release|Win32
		{CBEBA34F-6CED-4FCF-ABD6-33A6C822BF37}.Release|ARM64.ActiveCfg = Release|Win32
		{CBEBA34F-6CED-4FCF-ABD6-33A6C822BF37}.Release|x64.ActiveCfg = Release|x64
		{CBEBA34F-6CED-4FCF-ABD6-33A6C822BF37}.Release|x64.Build.0 = Release|x64
		{CBEBA34F-6CED-4FCF-ABD6-33A6C822BF37}.Release|x86.ActiveCfg = Release|Win32
		{CBEBA34F-6CED-4FCF-ABD6-33A6C822BF37}.Release|x86.Build.0 = Release|Win32
	EndGlobalSection
	GlobalSection(SolutionProperties) = preSolution
		HideSolutionNode = FALSE
	EndGlobalSection
	GlobalSection(NestedProjects) = preSolution
		{193467EB-9A35-4E75-8A48-0DA1704CF90F} = {A330111F-7577-4610-B594-1AA675381B0B}
		{0B89D5A7-1F1F-4BCA-94FE-31901992C73C} = {A330111F-7577-4610-B594-1AA675381B0B}
	EndGlobalSection
	GlobalSection(ExtensibilityGlobals) = postSolution
		SolutionGuid = {B136CEEB-7255-45CD-B7D2-1C2AF49042EF}
	EndGlobalSection
EndGlobal
