<?xml version="1.0" encoding="utf-8"?>
<Project ToolsVersion="4.0" xmlns="http://schemas.microsoft.com/developer/msbuild/2003">
  <ItemGroup>
    <Filter Include="Source">
      <UniqueIdentifier>{c615354f-a49b-48e4-b74b-34ed2d3bfa45}</UniqueIdentifier>
    </Filter>
    <Filter Include="Source\Pot">
      <UniqueIdentifier>{19c31307-8765-4eca-86b1-0773c115cd9d}</UniqueIdentifier>
    </Filter>
    <Filter Include="Source\Pot\Android">
      <UniqueIdentifier>{b0a92511-0a45-4862-ae66-2def3161f7cb}</UniqueIdentifier>
    </Filter>
    <Filter Include="Source\Pot\Atom">
      <UniqueIdentifier>{d0980852-4b16-44d2-9ee9-14e2eb627268}</UniqueIdentifier>
    </Filter>
    <Filter Include="Source\Pot\Time">
      <UniqueIdentifier>{bd07c2c7-0ac9-4b62-a0ee-17a699017889}</UniqueIdentifier>
    </Filter>
    <Filter Include="Source\Pot\Sleep">
      <UniqueIdentifier>{8a00de71-2b52-46aa-bc5e-d02d466a4365}</UniqueIdentifier>
    </Filter>
    <Filter Include="Source\Pot\Thread">
      <UniqueIdentifier>{be7e9778-117a-4ec1-9d9f-d352476eda96}</UniqueIdentifier>
    </Filter>
    <Filter Include="Source\Pot\Out">
      <UniqueIdentifier>{b31d49b9-42b4-4fb5-a0c1-423ddd8d1c8e}</UniqueIdentifier>
    </Filter>
    <Filter Include="Source\Pot\Atom\Standard">
      <UniqueIdentifier>{c94dd14d-b499-44d0-9db2-fb0d11703f64}</UniqueIdentifier>
    </Filter>
    <Filter Include="Source\Pot\Out\Android">
      <UniqueIdentifier>{d2c3834d-a594-4579-af95-d7d6b7ba7ff4}</UniqueIdentifier>
    </Filter>
    <Filter Include="Source\Pot\Thread\Android">
      <UniqueIdentifier>{bfb8e7ea-41e8-4c52-a3e5-f8bdb9206718}</UniqueIdentifier>
    </Filter>
    <Filter Include="Source\Pot\Sleep\Android">
      <UniqueIdentifier>{96bbca36-dc7f-43e5-a9eb-82e4baed7e5d}</UniqueIdentifier>
    </Filter>
    <Filter Include="Source\Pot\Time\Android">
      <UniqueIdentifier>{c2effd5d-9e32-46dd-b1c4-eefd187c6f9b}</UniqueIdentifier>
    </Filter>
    <Filter Include="Source\Cycle">
      <UniqueIdentifier>{eef0c2a4-8148-401e-9e69-45cb869c59ab}</UniqueIdentifier>
    </Filter>
    <Filter Include="Source\Pot\Game">
      <UniqueIdentifier>{0c840016-655d-4c0e-b16f-2ed7c330679e}</UniqueIdentifier>
    </Filter>
    <Filter Include="Source\Pot\Loader">
      <UniqueIdentifier>{5ae92f80-659e-45cc-b89f-0dff781d7661}</UniqueIdentifier>
    </Filter>
    <Filter Include="Source\Pot\Input">
      <UniqueIdentifier>{97538ca9-6819-48bc-b17e-8f9c0437785a}</UniqueIdentifier>
    </Filter>
    <Filter Include="Source\Pot\Input\Android">
      <UniqueIdentifier>{6738818f-9964-490a-a8e0-d4e951fc695e}</UniqueIdentifier>
    </Filter>
    <Filter Include="Source\Pot\List">
      <UniqueIdentifier>{f513b177-b04e-4147-b84f-c44063de2840}</UniqueIdentifier>
    </Filter>
    <Filter Include="Source\Pot\Config">
      <UniqueIdentifier>{374db05d-eba4-4746-8237-9d3d0ede0371}</UniqueIdentifier>
    </Filter>
    <Filter Include="Source\Pot\Config\Android">
      <UniqueIdentifier>{87be33b7-f026-46ba-9e2e-04ec8065eca0}</UniqueIdentifier>
    </Filter>
    <Filter Include="Source\Pot\List\Android">
      <UniqueIdentifier>{3b54298d-c1c3-49d0-86a4-61d5f7928e9b}</UniqueIdentifier>
    </Filter>
    <Filter Include="Source\Pot\Rand">
      <UniqueIdentifier>{cd40c068-9dc6-4e32-a8e8-d74412cd7dbe}</UniqueIdentifier>
    </Filter>
    <Filter Include="Source\Pot\Rand\Android">
      <UniqueIdentifier>{a1887142-a0d1-44b1-bfe7-2760e5b37887}</UniqueIdentifier>
    </Filter>
    <Filter Include="Source\Pot\Usefull">
      <UniqueIdentifier>{24e0fd5f-e5db-4fa2-b54c-c07f367c4e48}</UniqueIdentifier>
    </Filter>
    <Filter Include="Source\Pot\Application">
      <UniqueIdentifier>{0e9e1b81-c0fb-4861-b1c2-4092ac7f1d8e}</UniqueIdentifier>
    </Filter>
    <Filter Include="Source\Pot\Application\Android">
      <UniqueIdentifier>{da0d47cb-77f0-4091-85eb-5488da8d01b4}</UniqueIdentifier>
    </Filter>
    <Filter Include="Source\Pot\Audio">
      <UniqueIdentifier>{1142a999-6b1b-4e5c-9ad1-17b7c8e3eddc}</UniqueIdentifier>
    </Filter>
    <Filter Include="Source\Pot\Audio\Android">
      <UniqueIdentifier>{0c51c64a-c552-40b8-ab48-fde59bbf9820}</UniqueIdentifier>
    </Filter>
    <Filter Include="Source\Pot\Audio\Android\Device">
      <UniqueIdentifier>{dd4acf78-7758-4f0f-8137-14d5cb651605}</UniqueIdentifier>
    </Filter>
    <Filter Include="Source\Pot\File">
      <UniqueIdentifier>{1b93e97a-fb6b-49c4-9c6b-e4f1988af3cd}</UniqueIdentifier>
    </Filter>
    <Filter Include="Source\Pot\File\Android">
      <UniqueIdentifier>{5cf2bcf5-8502-443f-bd92-b8de13618baf}</UniqueIdentifier>
    </Filter>
    <Filter Include="Source\Pot\Render">
      <UniqueIdentifier>{9577d159-3298-4c5d-aaef-033942718e75}</UniqueIdentifier>
    </Filter>
    <Filter Include="Source\Pot\Render\OpenGL">
      <UniqueIdentifier>{80afbd7c-e172-4102-9af8-224f74aa31d0}</UniqueIdentifier>
    </Filter>
    <Filter Include="Source\Pot\Render\OpenGL\Platform">
      <UniqueIdentifier>{e2d7d879-7cc6-413b-84c3-f4ee3d8b68f0}</UniqueIdentifier>
    </Filter>
    <Filter Include="Source\Pot\ThirdParty">
      <UniqueIdentifier>{1cc42a97-de5a-41ba-9ffd-6760a5f1388e}</UniqueIdentifier>
    </Filter>
    <Filter Include="Source\Pot\ThirdParty\Zlib">
      <UniqueIdentifier>{a70d2f25-f13e-4d53-b576-6fb8775acf48}</UniqueIdentifier>
    </Filter>
  </ItemGroup>
  <ItemGroup>
    <ClCompile Include="..\..\..\Source\Pot\Android\main.cpp">
      <Filter>Source\Pot\Android</Filter>
    </ClCompile>
    <ClCompile Include="..\..\..\Source\Pot\Android\test.cpp">
      <Filter>Source\Pot\Android</Filter>
    </ClCompile>
    <ClCompile Include="..\..\..\Source\Pot\Time\time.cpp">
      <Filter>Source\Pot\Time</Filter>
    </ClCompile>
    <ClCompile Include="..\..\..\Source\Pot\Game\component.cpp">
      <Filter>Source\Pot\Game</Filter>
    </ClCompile>
    <ClCompile Include="..\..\..\Source\Pot\Input\Android\inputAndroid.cpp">
      <Filter>Source\Pot\Input\Android</Filter>
    </ClCompile>
    <ClCompile Include="..\..\..\Source\Pot\Rand\rand.cpp">
      <Filter>Source\Pot\Rand</Filter>
    </ClCompile>
    <ClCompile Include="..\..\..\Source\Pot\Application\Android\applicationAndroid.cpp">
      <Filter>Source\Pot\Application\Android</Filter>
    </ClCompile>
    <ClCompile Include="..\..\..\Source\Pot\Application\Android\android_native_app_glue.c">
      <Filter>Source\Pot\Application\Android</Filter>
    </ClCompile>
    <ClCompile Include="..\..\..\Source\Cycle\myGameDummy.cpp">
      <Filter>Source\Cycle</Filter>
    </ClCompile>
    <ClCompile Include="..\..\..\Source\Pot\ThirdParty\Zlib\adler32.c">
      <Filter>Source\Pot\ThirdParty\Zlib</Filter>
    </ClCompile>
    <ClCompile Include="..\..\..\Source\Pot\ThirdParty\Zlib\compress.c">
      <Filter>Source\Pot\ThirdParty\Zlib</Filter>
    </ClCompile>
    <ClCompile Include="..\..\..\Source\Pot\ThirdParty\Zlib\crc32.c">
      <Filter>Source\Pot\ThirdParty\Zlib</Filter>
    </ClCompile>
    <ClCompile Include="..\..\..\Source\Pot\ThirdParty\Zlib\deflate.c">
      <Filter>Source\Pot\ThirdParty\Zlib</Filter>
    </ClCompile>
    <ClCompile Include="..\..\..\Source\Pot\ThirdParty\Zlib\gzclose.c">
      <Filter>Source\Pot\ThirdParty\Zlib</Filter>
    </ClCompile>
    <ClCompile Include="..\..\..\Source\Pot\ThirdParty\Zlib\gzlib.c">
      <Filter>Source\Pot\ThirdParty\Zlib</Filter>
    </ClCompile>
    <ClCompile Include="..\..\..\Source\Pot\ThirdParty\Zlib\gzread.c">
      <Filter>Source\Pot\ThirdParty\Zlib</Filter>
    </ClCompile>
    <ClCompile Include="..\..\..\Source\Pot\ThirdParty\Zlib\gzwrite.c">
      <Filter>Source\Pot\ThirdParty\Zlib</Filter>
    </ClCompile>
    <ClCompile Include="..\..\..\Source\Pot\ThirdParty\Zlib\infback.c">
      <Filter>Source\Pot\ThirdParty\Zlib</Filter>
    </ClCompile>
    <ClCompile Include="..\..\..\Source\Pot\ThirdParty\Zlib\inffast.c">
      <Filter>Source\Pot\ThirdParty\Zlib</Filter>
    </ClCompile>
    <ClCompile Include="..\..\..\Source\Pot\ThirdParty\Zlib\inflate.c">
      <Filter>Source\Pot\ThirdParty\Zlib</Filter>
    </ClCompile>
    <ClCompile Include="..\..\..\Source\Pot\ThirdParty\Zlib\inftrees.c">
      <Filter>Source\Pot\ThirdParty\Zlib</Filter>
    </ClCompile>
    <ClCompile Include="..\..\..\Source\Pot\ThirdParty\Zlib\trees.c">
      <Filter>Source\Pot\ThirdParty\Zlib</Filter>
    </ClCompile>
    <ClCompile Include="..\..\..\Source\Pot\ThirdParty\Zlib\uncompr.c">
      <Filter>Source\Pot\ThirdParty\Zlib</Filter>
    </ClCompile>
    <ClCompile Include="..\..\..\Source\Pot\ThirdParty\Zlib\zutil.c">
      <Filter>Source\Pot\ThirdParty\Zlib</Filter>
    </ClCompile>
    <ClCompile Include="..\..\..\Source\Pot\Atom\hash.cpp">
      <Filter>Source\Pot\Atom</Filter>
    </ClCompile>
  </ItemGroup>
  <ItemGroup>
    <ClInclude Include="..\..\..\Source\Pot\Android\test.h">
      <Filter>Source\Pot\Android</Filter>
    </ClInclude>
    <ClInclude Include="..\..\..\Source\Pot\Atom\function.h">
      <Filter>Source\Pot\Atom</Filter>
    </ClInclude>
    <ClInclude Include="..\..\..\Source\Pot\Atom\hash.h">
      <Filter>Source\Pot\Atom</Filter>
    </ClInclude>
    <ClInclude Include="..\..\..\Source\Pot\Atom\hashString.h">
      <Filter>Source\Pot\Atom</Filter>
    </ClInclude>
    <ClInclude Include="..\..\..\Source\Pot\Atom\math.h">
      <Filter>Source\Pot\Atom</Filter>
    </ClInclude>
    <ClInclude Include="..\..\..\Source\Pot\Atom\matrix4x4.h">
      <Filter>Source\Pot\Atom</Filter>
    </ClInclude>
    <ClInclude Include="..\..\..\Source\Pot\Atom\quaternion.h">
      <Filter>Source\Pot\Atom</Filter>
    </ClInclude>
    <ClInclude Include="..\..\..\Source\Pot\Atom\string.h">
      <Filter>Source\Pot\Atom</Filter>
    </ClInclude>
    <ClInclude Include="..\..\..\Source\Pot\Atom\transform.h">
      <Filter>Source\Pot\Atom</Filter>
    </ClInclude>
    <ClInclude Include="..\..\..\Source\Pot\Atom\typedef.h">
      <Filter>Source\Pot\Atom</Filter>
    </ClInclude>
    <ClInclude Include="..\..\..\Source\Pot\Atom\vector.h">
      <Filter>Source\Pot\Atom</Filter>
    </ClInclude>
    <ClInclude Include="..\..\..\Source\Pot\Atom\atom.h">
      <Filter>Source\Pot\Atom</Filter>
    </ClInclude>
    <ClInclude Include="..\..\..\Source\Pot\Atom\bitflag.h">
      <Filter>Source\Pot\Atom</Filter>
    </ClInclude>
    <ClInclude Include="..\..\..\Source\Pot\Atom\color.h">
      <Filter>Source\Pot\Atom</Filter>
    </ClInclude>
    <ClInclude Include="..\..\..\Source\Pot\Atom\defines.h">
      <Filter>Source\Pot\Atom</Filter>
    </ClInclude>
    <ClInclude Include="..\..\..\Source\Pot\Atom\Standard\toStringStandard.h">
      <Filter>Source\Pot\Atom\Standard</Filter>
    </ClInclude>
    <ClInclude Include="..\..\..\Source\Pot\Atom\Standard\mathStandard.h">
      <Filter>Source\Pot\Atom\Standard</Filter>
    </ClInclude>
    <ClInclude Include="..\..\..\Source\Pot\Out\Android\outLogAndroid.h">
      <Filter>Source\Pot\Out\Android</Filter>
    </ClInclude>
    <ClInclude Include="..\..\..\Source\Pot\Out\out.h">
      <Filter>Source\Pot\Out</Filter>
    </ClInclude>
    <ClInclude Include="..\..\..\Source\Pot\Thread\mutexLocker.h">
      <Filter>Source\Pot\Thread</Filter>
    </ClInclude>
    <ClInclude Include="..\..\..\Source\Pot\Thread\thread.h">
      <Filter>Source\Pot\Thread</Filter>
    </ClInclude>
    <ClInclude Include="..\..\..\Source\Pot\Thread\mutex.h">
      <Filter>Source\Pot\Thread</Filter>
    </ClInclude>
    <ClInclude Include="..\..\..\Source\Pot\Thread\Android\mutexAndroid.h">
      <Filter>Source\Pot\Thread\Android</Filter>
    </ClInclude>
    <ClInclude Include="..\..\..\Source\Pot\Thread\Android\threadAndroid.h">
      <Filter>Source\Pot\Thread\Android</Filter>
    </ClInclude>
    <ClInclude Include="..\..\..\Source\Pot\Sleep\sleep.h">
      <Filter>Source\Pot\Sleep</Filter>
    </ClInclude>
    <ClInclude Include="..\..\..\Source\Pot\Sleep\Android\sleepAndroid.h">
      <Filter>Source\Pot\Sleep\Android</Filter>
    </ClInclude>
    <ClInclude Include="..\..\..\Source\Pot\Time\time.h">
      <Filter>Source\Pot\Time</Filter>
    </ClInclude>
    <ClInclude Include="..\..\..\Source\Pot\Time\Android\timeAndroid.h">
      <Filter>Source\Pot\Time\Android</Filter>
    </ClInclude>
    <ClInclude Include="..\..\..\Source\Cycle\myGame.h">
      <Filter>Source\Cycle</Filter>
    </ClInclude>
    <ClInclude Include="..\..\..\Source\Pot\Loader\loader.h">
      <Filter>Source\Pot\Loader</Filter>
    </ClInclude>
    <ClInclude Include="..\..\..\Source\Pot\Game\gameObject.h">
      <Filter>Source\Pot\Game</Filter>
    </ClInclude>
    <ClInclude Include="..\..\..\Source\Pot\Game\unique.h">
      <Filter>Source\Pot\Game</Filter>
    </ClInclude>
    <ClInclude Include="..\..\..\Source\Pot\Game\component.h">
      <Filter>Source\Pot\Game</Filter>
    </ClInclude>
    <ClInclude Include="..\..\..\Source\Pot\Game\game.h">
      <Filter>Source\Pot\Game</Filter>
    </ClInclude>
    <ClInclude Include="..\..\..\Source\Pot\Input\Android\inputAndroid.h">
      <Filter>Source\Pot\Input\Android</Filter>
    </ClInclude>
    <ClInclude Include="..\..\..\Source\Pot\Input\input.h">
      <Filter>Source\Pot\Input</Filter>
    </ClInclude>
    <ClInclude Include="..\..\..\Source\Pot\List\resourceName.h">
      <Filter>Source\Pot\List</Filter>
    </ClInclude>
    <ClInclude Include="..\..\..\Source\Pot\List\vector.h">
      <Filter>Source\Pot\List</Filter>
    </ClInclude>
    <ClInclude Include="..\..\..\Source\Pot\List\hashTable.h">
      <Filter>Source\Pot\List</Filter>
    </ClInclude>
    <ClInclude Include="..\..\..\Source\Pot\Config\config.h">
      <Filter>Source\Pot\Config</Filter>
    </ClInclude>
    <ClInclude Include="..\..\..\Source\Pot\Config\Android\configAndroid.h">
      <Filter>Source\Pot\Config\Android</Filter>
    </ClInclude>
    <ClInclude Include="..\..\..\Source\Pot\List\Android\hashTableAndroid.h">
      <Filter>Source\Pot\List\Android</Filter>
    </ClInclude>
    <ClInclude Include="..\..\..\Source\Pot\Rand\rand.h">
      <Filter>Source\Pot\Rand</Filter>
    </ClInclude>
    <ClInclude Include="..\..\..\Source\Pot\Rand\Android\randAndroid.h">
      <Filter>Source\Pot\Rand\Android</Filter>
    </ClInclude>
    <ClInclude Include="..\..\..\Source\Pot\Usefull\buffer.h">
      <Filter>Source\Pot\Usefull</Filter>
    </ClInclude>
    <ClInclude Include="..\..\..\Source\Pot\Usefull\singleton.h">
      <Filter>Source\Pot\Usefull</Filter>
    </ClInclude>
    <ClInclude Include="..\..\..\Source\Pot\Application\Android\applicationAndroid.h">
      <Filter>Source\Pot\Application\Android</Filter>
    </ClInclude>
    <ClInclude Include="..\..\..\Source\Pot\Application\Android\android_native_app_glue.h">
      <Filter>Source\Pot\Application\Android</Filter>
    </ClInclude>
    <ClInclude Include="..\..\..\Source\Pot\Audio\Android\audioClipAndroid.h">
      <Filter>Source\Pot\Audio\Android</Filter>
    </ClInclude>
    <ClInclude Include="..\..\..\Source\Pot\Audio\Android\audioVoiceAndroid.h">
      <Filter>Source\Pot\Audio\Android</Filter>
    </ClInclude>
    <ClInclude Include="..\..\..\Source\Pot\Audio\audioClip.h">
      <Filter>Source\Pot\Audio</Filter>
    </ClInclude>
    <ClInclude Include="..\..\..\Source\Pot\Audio\audioName.h">
      <Filter>Source\Pot\Audio</Filter>
    </ClInclude>
    <ClInclude Include="..\..\..\Source\Pot\Audio\audioVoice.h">
      <Filter>Source\Pot\Audio</Filter>
    </ClInclude>
    <ClInclude Include="..\..\..\Source\Pot\Audio\audio.h">
      <Filter>Source\Pot\Audio</Filter>
    </ClInclude>
    <ClInclude Include="..\..\..\Source\Pot\Audio\Android\Device\audioClipAndroidDevice.h">
      <Filter>Source\Pot\Audio\Android\Device</Filter>
    </ClInclude>
    <ClInclude Include="..\..\..\Source\Pot\Audio\Android\Device\audioVoiceAndroidDevice.h">
      <Filter>Source\Pot\Audio\Android\Device</Filter>
    </ClInclude>
    <ClInclude Include="..\..\..\Source\Pot\File\file.h">
      <Filter>Source\Pot\File</Filter>
    </ClInclude>
    <ClInclude Include="..\..\..\Source\Pot\File\Android\fileAndroid.h">
      <Filter>Source\Pot\File\Android</Filter>
    </ClInclude>
    <ClInclude Include="..\..\..\Source\Pot\List\Android\vectorAndroid.h">
      <Filter>Source\Pot\List\Android</Filter>
    </ClInclude>
    <ClInclude Include="..\..\..\Source\Pot\Render\indexBuffer.h">
      <Filter>Source\Pot\Render</Filter>
    </ClInclude>
    <ClInclude Include="..\..\..\Source\Pot\Render\rasterizer.h">
      <Filter>Source\Pot\Render</Filter>
    </ClInclude>
    <ClInclude Include="..\..\..\Source\Pot\Render\render.h">
      <Filter>Source\Pot\Render</Filter>
    </ClInclude>
    <ClInclude Include="..\..\..\Source\Pot\Render\sampler.h">
      <Filter>Source\Pot\Render</Filter>
    </ClInclude>
    <ClInclude Include="..\..\..\Source\Pot\Render\shader.h">
      <Filter>Source\Pot\Render</Filter>
    </ClInclude>
    <ClInclude Include="..\..\..\Source\Pot\Render\texture2D.h">
      <Filter>Source\Pot\Render</Filter>
    </ClInclude>
    <ClInclude Include="..\..\..\Source\Pot\Render\vertexBuffer.h">
      <Filter>Source\Pot\Render</Filter>
    </ClInclude>
    <ClInclude Include="..\..\..\Source\Pot\Render\viewport.h">
      <Filter>Source\Pot\Render</Filter>
    </ClInclude>
    <ClInclude Include="..\..\..\Source\Pot\Render\blend.h">
      <Filter>Source\Pot\Render</Filter>
    </ClInclude>
    <ClInclude Include="..\..\..\Source\Pot\Render\camera.h">
      <Filter>Source\Pot\Render</Filter>
    </ClInclude>
    <ClInclude Include="..\..\..\Source\Pot\Render\constantBuffer.h">
      <Filter>Source\Pot\Render</Filter>
    </ClInclude>
    <ClInclude Include="..\..\..\Source\Pot\Render\depthStencil.h">
      <Filter>Source\Pot\Render</Filter>
    </ClInclude>
    <ClInclude Include="..\..\..\Source\Pot\Render\OpenGL\renderOpenGL.h">
      <Filter>Source\Pot\Render\OpenGL</Filter>
    </ClInclude>
    <ClInclude Include="..\..\..\Source\Pot\Render\OpenGL\samplerOpenGL.h">
      <Filter>Source\Pot\Render\OpenGL</Filter>
    </ClInclude>
    <ClInclude Include="..\..\..\Source\Pot\Render\OpenGL\shaderOpenGL.h">
      <Filter>Source\Pot\Render\OpenGL</Filter>
    </ClInclude>
    <ClInclude Include="..\..\..\Source\Pot\Render\OpenGL\texture2DOpenGL.h">
      <Filter>Source\Pot\Render\OpenGL</Filter>
    </ClInclude>
    <ClInclude Include="..\..\..\Source\Pot\Render\OpenGL\vertexBufferOpenGL.h">
      <Filter>Source\Pot\Render\OpenGL</Filter>
    </ClInclude>
    <ClInclude Include="..\..\..\Source\Pot\Render\OpenGL\viewportOpenGL.h">
      <Filter>Source\Pot\Render\OpenGL</Filter>
    </ClInclude>
    <ClInclude Include="..\..\..\Source\Pot\Render\OpenGL\blendOpenGL.h">
      <Filter>Source\Pot\Render\OpenGL</Filter>
    </ClInclude>
    <ClInclude Include="..\..\..\Source\Pot\Render\OpenGL\constantBufferOpenGL.h">
      <Filter>Source\Pot\Render\OpenGL</Filter>
    </ClInclude>
    <ClInclude Include="..\..\..\Source\Pot\Render\OpenGL\depthStencilOpenGL.h">
      <Filter>Source\Pot\Render\OpenGL</Filter>
    </ClInclude>
    <ClInclude Include="..\..\..\Source\Pot\Render\OpenGL\indexBufferOpenGL.h">
      <Filter>Source\Pot\Render\OpenGL</Filter>
    </ClInclude>
    <ClInclude Include="..\..\..\Source\Pot\Render\OpenGL\rasterizerOpenGL.h">
      <Filter>Source\Pot\Render\OpenGL</Filter>
    </ClInclude>
    <ClInclude Include="..\..\..\Source\Pot\Render\OpenGL\Platform\depthOpenGLPlatform.h">
      <Filter>Source\Pot\Render\OpenGL\Platform</Filter>
    </ClInclude>
    <ClInclude Include="..\..\..\Source\Pot\Render\OpenGL\Platform\deviceOpenGLPlatform.h">
      <Filter>Source\Pot\Render\OpenGL\Platform</Filter>
    </ClInclude>
    <ClInclude Include="..\..\..\Source\Pot\Render\OpenGL\Platform\elementArrayBufferOpenGLPlatform.h">
      <Filter>Source\Pot\Render\OpenGL\Platform</Filter>
    </ClInclude>
    <ClInclude Include="..\..\..\Source\Pot\Render\OpenGL\Platform\frameBufferOpenGLPlatform.h">
      <Filter>Source\Pot\Render\OpenGL\Platform</Filter>
    </ClInclude>
    <ClInclude Include="..\..\..\Source\Pot\Render\OpenGL\Platform\inputLayoutOpenGLPlatform.h">
      <Filter>Source\Pot\Render\OpenGL\Platform</Filter>
    </ClInclude>
    <ClInclude Include="..\..\..\Source\Pot\Render\OpenGL\Platform\loadBmp.h">
      <Filter>Source\Pot\Render\OpenGL\Platform</Filter>
    </ClInclude>
    <ClInclude Include="..\..\..\Source\Pot\Render\OpenGL\Platform\loadPng.h">
      <Filter>Source\Pot\Render\OpenGL\Platform</Filter>
    </ClInclude>
    <ClInclude Include="..\..\..\Source\Pot\Render\OpenGL\Platform\managerOpenGLPlatform.h">
      <Filter>Source\Pot\Render\OpenGL\Platform</Filter>
    </ClInclude>
    <ClInclude Include="..\..\..\Source\Pot\Render\OpenGL\Platform\renderOpenGLPlatform.h">
      <Filter>Source\Pot\Render\OpenGL\Platform</Filter>
    </ClInclude>
    <ClInclude Include="..\..\..\Source\Pot\Render\OpenGL\Platform\samplerOpenGLPlatform.h">
      <Filter>Source\Pot\Render\OpenGL\Platform</Filter>
    </ClInclude>
    <ClInclude Include="..\..\..\Source\Pot\Render\OpenGL\Platform\shaderOpenGLPlatform.h">
      <Filter>Source\Pot\Render\OpenGL\Platform</Filter>
    </ClInclude>
    <ClInclude Include="..\..\..\Source\Pot\Render\OpenGL\Platform\stencilOpenGLPlatform.h">
      <Filter>Source\Pot\Render\OpenGL\Platform</Filter>
    </ClInclude>
    <ClInclude Include="..\..\..\Source\Pot\Render\OpenGL\Platform\textureOpenGLPlatform.h">
      <Filter>Source\Pot\Render\OpenGL\Platform</Filter>
    </ClInclude>
    <ClInclude Include="..\..\..\Source\Pot\Render\OpenGL\Platform\uniformBufferOpenGLPlatform.h">
      <Filter>Source\Pot\Render\OpenGL\Platform</Filter>
    </ClInclude>
    <ClInclude Include="..\..\..\Source\Pot\Render\OpenGL\Platform\vertexArrayObjectOpenGLPlatform.h">
      <Filter>Source\Pot\Render\OpenGL\Platform</Filter>
    </ClInclude>
    <ClInclude Include="..\..\..\Source\Pot\Render\OpenGL\Platform\viewportOpenGLPlatform.h">
      <Filter>Source\Pot\Render\OpenGL\Platform</Filter>
    </ClInclude>
    <ClInclude Include="..\..\..\Source\Pot\Render\OpenGL\Platform\arrayBufferOpenGLPlatform.h">
      <Filter>Source\Pot\Render\OpenGL\Platform</Filter>
    </ClInclude>
    <ClInclude Include="..\..\..\Source\Pot\Render\OpenGL\Platform\bitmap.h">
      <Filter>Source\Pot\Render\OpenGL\Platform</Filter>
    </ClInclude>
    <ClInclude Include="..\..\..\Source\Pot\Render\OpenGL\Platform\blendOpenGLPlatform.h">
      <Filter>Source\Pot\Render\OpenGL\Platform</Filter>
    </ClInclude>
    <ClInclude Include="..\..\..\Source\Pot\Render\OpenGL\Platform\bufferOpenGLPlatform.h">
      <Filter>Source\Pot\Render\OpenGL\Platform</Filter>
    </ClInclude>
    <ClInclude Include="..\..\..\Source\Pot\Render\OpenGL\Platform\cullOpenGLPlatform.h">
      <Filter>Source\Pot\Render\OpenGL\Platform</Filter>
    </ClInclude>
    <ClInclude Include="..\..\..\Source\Pot\Render\OpenGL\Platform\depthBufferOpenGLPlatform.h">
      <Filter>Source\Pot\Render\OpenGL\Platform</Filter>
    </ClInclude>
    <ClInclude Include="..\..\..\Source\Pot\Render\OpenGL\Platform\deviceOpenGLPlatformAndroid.h">
      <Filter>Source\Pot\Render\OpenGL\Platform</Filter>
    </ClInclude>
    <ClInclude Include="..\..\..\Source\Pot\ThirdParty\Zlib\crc32.h">
      <Filter>Source\Pot\ThirdParty\Zlib</Filter>
    </ClInclude>
    <ClInclude Include="..\..\..\Source\Pot\ThirdParty\Zlib\deflate.h">
      <Filter>Source\Pot\ThirdParty\Zlib</Filter>
    </ClInclude>
    <ClInclude Include="..\..\..\Source\Pot\ThirdParty\Zlib\gzguts.h">
      <Filter>Source\Pot\ThirdParty\Zlib</Filter>
    </ClInclude>
    <ClInclude Include="..\..\..\Source\Pot\ThirdParty\Zlib\inffast.h">
      <Filter>Source\Pot\ThirdParty\Zlib</Filter>
    </ClInclude>
    <ClInclude Include="..\..\..\Source\Pot\ThirdParty\Zlib\inffixed.h">
      <Filter>Source\Pot\ThirdParty\Zlib</Filter>
    </ClInclude>
    <ClInclude Include="..\..\..\Source\Pot\ThirdParty\Zlib\inflate.h">
      <Filter>Source\Pot\ThirdParty\Zlib</Filter>
    </ClInclude>
    <ClInclude Include="..\..\..\Source\Pot\ThirdParty\Zlib\inftrees.h">
      <Filter>Source\Pot\ThirdParty\Zlib</Filter>
    </ClInclude>
    <ClInclude Include="..\..\..\Source\Pot\ThirdParty\Zlib\trees.h">
      <Filter>Source\Pot\ThirdParty\Zlib</Filter>
    </ClInclude>
    <ClInclude Include="..\..\..\Source\Pot\ThirdParty\Zlib\zconf.h">
      <Filter>Source\Pot\ThirdParty\Zlib</Filter>
    </ClInclude>
    <ClInclude Include="..\..\..\Source\Pot\ThirdParty\Zlib\zlib.h">
      <Filter>Source\Pot\ThirdParty\Zlib</Filter>
    </ClInclude>
    <ClInclude Include="..\..\..\Source\Pot\ThirdParty\Zlib\zutil.h">
      <Filter>Source\Pot\ThirdParty\Zlib</Filter>
    </ClInclude>
  </ItemGroup>
</Project>